
Microsoft Visual Studio Solution File, Format Version 12.00
# Visual Studio Version 17
VisualStudioVersion = 17.5.33530.505
MinimumVisualStudioVersion = 10.0.40219.1
Project("{9A19103F-16F7-4668-BE54-9A1E7A4F7556}") = "BagApp", "WareStorageApp\BagApp.csproj", "{CDD13636-D546-404D-ADAA-975A01CB164C}"
EndProject
Global
	GlobalSection(SolutionConfigurationPlatforms) = preSolution
		Debug|Any CPU = Debug|Any CPU
		Release|Any CPU = Release|Any CPU
	EndGlobalSection
	GlobalSection(ProjectConfigurationPlatforms) = postSolution
		{CDD13636-D546-404D-ADAA-975A01CB164C}.Debug|Any CPU.ActiveCfg = Debug|Any CPU
		{CDD13636-D546-404D-ADAA-975A01CB164C}.Debug|Any CPU.Build.0 = Debug|Any CPU
		{CDD13636-D546-404D-ADAA-975A01CB164C}.Release|Any CPU.ActiveCfg = Release|Any CPU
		{CDD13636-D546-404D-ADAA-975A01CB164C}.Release|Any CPU.Build.0 = Release|Any CPU
	EndGlobalSection
	GlobalSection(SolutionProperties) = preSolution
		HideSolutionNode = FALSE
	EndGlobalSection
	GlobalSection(ExtensibilityGlobals) = postSolution
		SolutionGuid = {575153E1-5A21-4DBB-A237-C839E0CDBE60}
	EndGlobalSection
EndGlobal
